<?xml version="1.0" encoding="utf-8"?>
<Project ToolsVersion="4.0" xmlns="http://schemas.microsoft.com/developer/msbuild/2003">
  <ItemGroup>
    <Filter Include="Source Files">
      <UniqueIdentifier>{96d0b047-c63c-4c5b-8bba-1574e9e7806a}</UniqueIdentifier>
      <Extensions>cpp;c;cxx;rc;def;r;odl;idl;hpj;bat</Extensions>
    </Filter>
    <Filter Include="Header Files">
      <UniqueIdentifier>{61d2c710-eea8-46bb-84a7-e93d3cbf11a2}</UniqueIdentifier>
      <Extensions>h;hpp;hxx;hm;inl</Extensions>
    </Filter>
  </ItemGroup>
  <ItemGroup>
    <ClCompile Include="..\src\allpromisc.c">
      <Filter>Source Files</Filter>
    </ClCompile>
    <ClCompile Include="..\src\checksum.c">
      <Filter>Source Files</Filter>
    </ClCompile>
    <ClCompile Include="..\WIN32-Code\getopt.c">
      <Filter>Source Files</Filter>
    </ClCompile>
    <ClCompile Include="..\src\hash.c">
      <Filter>Source Files</Filter>
    </ClCompile>
    <ClCompile Include="..\src\ip_fragment.c">
      <Filter>Source Files</Filter>
    </ClCompile>
    <ClCompile Include="..\src\ip_options.c">
      <Filter>Source Files</Filter>
    </ClCompile>
    <ClCompile Include="..\src\killtcp.c">
      <Filter>Source Files</Filter>
    </ClCompile>
    <ClCompile Include="..\src\libnids.c">
      <Filter>Source Files</Filter>
    </ClCompile>
    <ClCompile Include="..\WIN32-Code\misc.c">
      <Filter>Source Files</Filter>
    </ClCompile>
    <ClCompile Include="..\WIN32-Code\random.c">
      <Filter>Source Files</Filter>
    </ClCompile>
    <ClCompile Include="..\src\scan.c">
      <Filter>Source Files</Filter>
    </ClCompile>
    <ClCompile Include="..\src\tcp.c">
      <Filter>Source Files</Filter>
    </ClCompile>
    <ClCompile Include="..\src\util.c">
      <Filter>Source Files</Filter>
    </ClCompile>
  </ItemGroup>
  <ItemGroup>
    <ClInclude Include="..\src\checksum.h">
      <Filter>Header Files</Filter>
    </ClInclude>
    <ClInclude Include="..\WIN32-Includes\config.h">
      <Filter>Header Files</Filter>
    </ClInclude>
    <ClInclude Include="..\WIN32-Includes\getopt.h">
      <Filter>Header Files</Filter>
    </ClInclude>
    <ClInclude Include="..\src\hash.h">
      <Filter>Header Files</Filter>
    </ClInclude>
    <ClInclude Include="..\src\ip_fragment.h">
      <Filter>Header Files</Filter>
    </ClInclude>
    <ClInclude Include="..\WIN32-Includes\nids.h">
      <Filter>Header Files</Filter>
    </ClInclude>
    <ClInclude Include="..\src\scan.h">
      <Filter>Header Files</Filter>
    </ClInclude>
    <ClInclude Include="..\src\tcp.h">
      <Filter>Header Files</Filter>
    </ClInclude>
    <ClInclude Include="..\src\util.h">
      <Filter>Header Files</Filter>
    </ClInclude>
  </ItemGroup>
</Project>